Microsoft Visual Studio Solution File, Format Version 12.00
# Visual Studio Version 17
VisualStudioVersion = 17.13.35931.197
MinimumVisualStudioVersion = 10.0.40219.1
Project("{FAE04EC0-301F-11D3-BF4B-00C04F79EFBC}") = "FlowPlanning", "FlowPlanning\FlowPlanning.csproj", "{517FB78A-206D-4E2F-AA3A-089AAD7A324D}"
EndProject
Project("{FAE04EC0-301F-11D3-BF4B-00C04F79EFBC}") = "UnitTest", "UnitTest\UnitTest.csproj", "{C550B626-EACD-4853-930A-40AEA68E8C93}"
EndProject
Project("{FAE04EC0-301F-11D3-BF4B-00C04F79EFBC}") = "IntegratedTest", "IntegratedTest\IntegratedTest.csproj", "{32348F8B-358D-9F86-D74F-D250DD7F1E4B}"
EndProject
Global
	GlobalSection(SolutionConfigurationPlatforms) = preSolution
		Debug|Any CPU = Debug|Any CPU
		Release|Any CPU = Release|Any CPU
	EndGlobalSection
	GlobalSection(ProjectConfigurationPlatforms) = postSolution
		{517FB78A-206D-4E2F-AA3A-089AAD7A324D}.Debug|Any CPU.ActiveCfg = Debug|Any CPU
		{517FB78A-206D-4E2F-AA3A-089AAD7A324D}.Debug|Any CPU.Build.0 = Debug|Any CPU
		{517FB78A-206D-4E2F-AA3A-089AAD7A324D}.Release|Any CPU.ActiveCfg = Release|Any CPU
		{517FB78A-206D-4E2F-AA3A-089AAD7A324D}.Release|Any CPU.Build.0 = Release|Any CPU
		{C550B626-EACD-4853-930A-40AEA68E8C93}.Debug|Any CPU.ActiveCfg = Debug|Any CPU
		{C550B626-EACD-4853-930A-40AEA68E8C93}.Debug|Any CPU.Build.0 = Debug|Any CPU
		{C550B626-EACD-4853-930A-40AEA68E8C93}.Release|Any CPU.ActiveCfg = Release|Any CPU
		{C550B626-EACD-4853-930A-40AEA68E8C93}.Release|Any CPU.Build.0 = Release|Any CPU
		{32348F8B-358D-9F86-D74F-D250DD7F1E4B}.Debug|Any CPU.ActiveCfg = Debug|Any CPU
		{32348F8B-358D-9F86-D74F-D250DD7F1E4B}.Debug|Any CPU.Build.0 = Debug|Any CPU
		{32348F8B-358D-9F86-D74F-D250DD7F1E4B}.Release|Any CPU.ActiveCfg = Release|Any CPU
		{32348F8B-358D-9F86-D74F-D250DD7F1E4B}.Release|Any CPU.Build.0 = Release|Any CPU
	EndGlobalSection
	GlobalSection(SolutionProperties) = preSolution
		HideSolutionNode = FALSE
	EndGlobalSection
	GlobalSection(ExtensibilityGlobals) = postSolution
		SolutionGuid = {306975E9-76E5-42C3-9724-4D7B15918981}
	EndGlobalSection
EndGlobal
